// !$*UTF8*$!
{
	archiveVersion = 1;
	classes = {
	};
	objectVersion = 46;
	objects = {

/* Begin PBXBuildFile section */
		58F3E8B818C7E19E009E2D0E /* Cocoa.framework in Frameworks */ = {isa = PBXBuildFile; fileRef = 58F3E8B718C7E19E009E2D0E /* Cocoa.framework */; };
		58F3E8C218C7E19E009E2D0E /* InfoPlist.strings in Resources */ = {isa = PBXBuildFile; fileRef = 58F3E8C018C7E19E009E2D0E /* InfoPlist.strings */; };
		58F3E8C418C7E19E009E2D0E /* main.m in Sources */ = {isa = PBXBuildFile; fileRef = 58F3E8C318C7E19E009E2D0E /* main.m */; };
		58F3E8C818C7E19E009E2D0E /* Credits.rtf in Resources */ = {isa = PBXBuildFile; fileRef = 58F3E8C618C7E19E009E2D0E /* Credits.rtf */; };
		58F3E8CB18C7E19E009E2D0E /* AppDelegate.m in Sources */ = {isa = PBXBuildFile; fileRef = 58F3E8CA18C7E19E009E2D0E /* AppDelegate.m */; };
		58F3E8CE18C7E19F009E2D0E /* MainMenu.xib in Resources */ = {isa = PBXBuildFile; fileRef = 58F3E8CC18C7E19F009E2D0E /* MainMenu.xib */; };
		58F3E8D018C7E19F009E2D0E /* Images.xcassets in Resources */ = {isa = PBXBuildFile; fileRef = 58F3E8CF18C7E19F009E2D0E /* Images.xcassets */; };
		58F3E8D718C7E19F009E2D0E /* XCTest.framework in Frameworks */ = {isa = PBXBuildFile; fileRef = 58F3E8D618C7E19F009E2D0E /* XCTest.framework */; };
		58F3E8D818C7E19F009E2D0E /* Cocoa.framework in Frameworks */ = {isa = PBXBuildFile; fileRef = 58F3E8B718C7E19E009E2D0E /* Cocoa.framework */; };
		58F3E8E018C7E19F009E2D0E /* InfoPlist.strings in Resources */ = {isa = PBXBuildFile; fileRef = 58F3E8DE18C7E19F009E2D0E /* InfoPlist.strings */; };
		58F3E8E218C7E19F009E2D0E /* radialTests.m in Sources */ = {isa = PBXBuildFile; fileRef = 58F3E8E118C7E19F009E2D0E /* radialTests.m */; };
		58F3E8ED18C7E1F3009E2D0E /* ColorWheelView.m in Sources */ = {isa = PBXBuildFile; fileRef = 58F3E8EC18C7E1F3009E2D0E /* ColorWheelView.m */; };
/* End PBXBuildFile section */

/* Begin PBXContainerItemProxy section */
		58F3E8D918C7E19F009E2D0E /* PBXContainerItemProxy */ = {
			isa = PBXContainerItemProxy;
			containerPortal = 58F3E8AC18C7E19E009E2D0E /* Project object */;
			proxyType = 1;
			remoteGlobalIDString = 58F3E8B318C7E19E009E2D0E;
			remoteInfo = radial;
		};
/* End PBXContainerItemProxy section */

/* Begin PBXFileReference section */
		58F3E8B418C7E19E009E2D0E /* radial.app */ = {isa = PBXFileReference; explicitFileType = wrapper.application; includeInIndex = 0; path = radial.app; sourceTree = BUILT_PRODUCTS_DIR; };
		58F3E8B718C7E19E009E2D0E /* Cocoa.framework */ = {isa = PBXFileReference; lastKnownFileType = wrapper.framework; name = Cocoa.framework; path = System/Library/Frameworks/Cocoa.framework; sourceTree = SDKROOT; };
		58F3E8BA18C7E19E009E2D0E /* AppKit.framework */ = {isa = PBXFileReference; lastKnownFileType = wrapper.framework; name = AppKit.framework; path = System/Library/Frameworks/AppKit.framework; sourceTree = SDKROOT; };
		58F3E8BB18C7E19E009E2D0E /* CoreData.framework */ = {isa = PBXFileReference; lastKnownFileType = wrapper.framework; name = CoreData.framework; path = System/Library/Frameworks/CoreData.framework; sourceTree = SDKROOT; };
		58F3E8BC18C7E19E009E2D0E /* Foundation.framework */ = {isa = PBXFileReference; lastKnownFileType = wrapper.framework; name = Foundation.framework; path = System/Library/Frameworks/Foundation.framework; sourceTree = SDKROOT; };
		58F3E8BF18C7E19E009E2D0E /* radial-Info.plist */ = {isa = PBXFileReference; lastKnownFileType = text.plist.xml; path = "radial-Info.plist"; sourceTree = "<group>"; };
		58F3E8C118C7E19E009E2D0E /* en */ = {isa = PBXFileReference; lastKnownFileType = text.plist.strings; name = en; path = en.lproj/InfoPlist.strings; sourceTree = "<group>"; };
		58F3E8C318C7E19E009E2D0E /* main.m */ = {isa = PBXFileReference; lastKnownFileType = sourcecode.c.objc; path = main.m; sourceTree = "<group>"; };
		58F3E8C518C7E19E009E2D0E /* radial-Prefix.pch */ = {isa = PBXFileReference; lastKnownFileType = sourcecode.c.h; path = "radial-Prefix.pch"; sourceTree = "<group>"; };
		58F3E8C718C7E19E009E2D0E /* en */ = {isa = PBXFileReference; lastKnownFileType = text.rtf; name = en; path = en.lproj/Credits.rtf; sourceTree = "<group>"; };
		58F3E8C918C7E19E009E2D0E /* AppDelegate.h */ = {isa = PBXFileReference; lastKnownFileType = sourcecode.c.h; path = AppDelegate.h; sourceTree = "<group>"; };
		58F3E8CA18C7E19E009E2D0E /* AppDelegate.m */ = {isa = PBXFileReference; lastKnownFileType = sourcecode.c.objc; path = AppDelegate.m; sourceTree = "<group>"; };
		58F3E8CD18C7E19F009E2D0E /* Base */ = {isa = PBXFileReference; lastKnownFileType = file.xib; name = Base; path = Base.lproj/MainMenu.xib; sourceTree = "<group>"; };
		58F3E8CF18C7E19F009E2D0E /* Images.xcassets */ = {isa = PBXFileReference; lastKnownFileType = folder.assetcatalog; path = Images.xcassets; sourceTree = "<group>"; };
		58F3E8D518C7E19F009E2D0E /* radialTests.xctest */ = {isa = PBXFileReference; explicitFileType = wrapper.cfbundle; includeInIndex = 0; path = radialTests.xctest; sourceTree = BUILT_PRODUCTS_DIR; };
		58F3E8D618C7E19F009E2D0E /* XCTest.framework */ = {isa = PBXFileReference; lastKnownFileType = wrapper.framework; name = XCTest.framework; path = Library/Frameworks/XCTest.framework; sourceTree = DEVELOPER_DIR; };
		58F3E8DD18C7E19F009E2D0E /* radialTests-Info.plist */ = {isa = PBXFileReference; lastKnownFileType = text.plist.xml; path = "radialTests-Info.plist"; sourceTree = "<group>"; };
		58F3E8DF18C7E19F009E2D0E /* en */ = {isa = PBXFileReference; lastKnownFileType = text.plist.strings; name = en; path = en.lproj/InfoPlist.strings; sourceTree = "<group>"; };
		58F3E8E118C7E19F009E2D0E /* radialTests.m */ = {isa = PBXFileReference; lastKnownFileType = sourcecode.c.objc; path = radialTests.m; sourceTree = "<group>"; };
		58F3E8EB18C7E1F3009E2D0E /* ColorWheelView.h */ = {isa = PBXFileReference; fileEncoding = 4; lastKnownFileType = sourcecode.c.h; path = ColorWheelView.h; sourceTree = "<group>"; };
		58F3E8EC18C7E1F3009E2D0E /* ColorWheelView.m */ = {isa = PBXFileReference; fileEncoding = 4; lastKnownFileType = sourcecode.c.objc; path = ColorWheelView.m; sourceTree = "<group>"; };
/* End PBXFileReference section */

/* Begin PBXFrameworksBuildPhase section */
		58F3E8B118C7E19E009E2D0E /* Frameworks */ = {
			isa = PBXFrameworksBuildPhase;
			buildActionMask = 2147483647;
			files = (
				58F3E8B818C7E19E009E2D0E /* Cocoa.framework in Frameworks */,
			);
			runOnlyForDeploymentPostprocessing = 0;
		};
		58F3E8D218C7E19F009E2D0E /* Frameworks */ = {
			isa = PBXFrameworksBuildPhase;
			buildActionMask = 2147483647;
			files = (
				58F3E8D818C7E19F009E2D0E /* Cocoa.framework in Frameworks */,
				58F3E8D718C7E19F009E2D0E /* XCTest.framework in Frameworks */,
			);
			runOnlyForDeploymentPostprocessing = 0;
		};
/* End PBXFrameworksBuildPhase section */

/* Begin PBXGroup section */
		58F3E8AB18C7E19E009E2D0E = {
			isa = PBXGroup;
			children = (
				58F3E8BD18C7E19E009E2D0E /* radial */,
				58F3E8DB18C7E19F009E2D0E /* radialTests */,
				58F3E8B618C7E19E009E2D0E /* Frameworks */,
				58F3E8B518C7E19E009E2D0E /* Products */,
			);
			sourceTree = "<group>";
		};
		58F3E8B518C7E19E009E2D0E /* Products */ = {
			isa = PBXGroup;
			children = (
				58F3E8B418C7E19E009E2D0E /* radial.app */,
				58F3E8D518C7E19F009E2D0E /* radialTests.xctest */,
			);
			name = Products;
			sourceTree = "<group>";
		};
		58F3E8B618C7E19E009E2D0E /* Frameworks */ = {
			isa = PBXGroup;
			children = (
				58F3E8B718C7E19E009E2D0E /* Cocoa.framework */,
				58F3E8D618C7E19F009E2D0E /* XCTest.framework */,
				58F3E8B918C7E19E009E2D0E /* Other Frameworks */,
			);
			name = Frameworks;
			sourceTree = "<group>";
		};
		58F3E8B918C7E19E009E2D0E /* Other Frameworks */ = {
			isa = PBXGroup;
			children = (
				58F3E8BA18C7E19E009E2D0E /* AppKit.framework */,
				58F3E8BB18C7E19E009E2D0E /* CoreData.framework */,
				58F3E8BC18C7E19E009E2D0E /* Foundation.framework */,
			);
			name = "Other Frameworks";
			sourceTree = "<group>";
		};
		58F3E8BD18C7E19E009E2D0E /* radial */ = {
			isa = PBXGroup;
			children = (
				58F3E8C918C7E19E009E2D0E /* AppDelegate.h */,
				58F3E8CA18C7E19E009E2D0E /* AppDelegate.m */,
				58F3E8EB18C7E1F3009E2D0E /* ColorWheelView.h */,
				58F3E8EC18C7E1F3009E2D0E /* ColorWheelView.m */,
				58F3E8CF18C7E19F009E2D0E /* Images.xcassets */,
				58F3E8CC18C7E19F009E2D0E /* MainMenu.xib */,
				58F3E8BE18C7E19E009E2D0E /* Supporting Files */,
			);
			path = radial;
			sourceTree = "<group>";
		};
		58F3E8BE18C7E19E009E2D0E /* Supporting Files */ = {
			isa = PBXGroup;
			children = (
				58F3E8BF18C7E19E009E2D0E /* radial-Info.plist */,
				58F3E8C018C7E19E009E2D0E /* InfoPlist.strings */,
				58F3E8C318C7E19E009E2D0E /* main.m */,
				58F3E8C518C7E19E009E2D0E /* radial-Prefix.pch */,
				58F3E8C618C7E19E009E2D0E /* Credits.rtf */,
			);
			name = "Supporting Files";
			sourceTree = "<group>";
		};
		58F3E8DB18C7E19F009E2D0E /* radialTests */ = {
			isa = PBXGroup;
			children = (
				58F3E8E118C7E19F009E2D0E /* radialTests.m */,
				58F3E8DC18C7E19F009E2D0E /* Supporting Files */,
			);
			path = radialTests;
			sourceTree = "<group>";
		};
		58F3E8DC18C7E19F009E2D0E /* Supporting Files */ = {
			isa = PBXGroup;
			children = (
				58F3E8DD18C7E19F009E2D0E /* radialTests-Info.plist */,
				58F3E8DE18C7E19F009E2D0E /* InfoPlist.strings */,
			);
			name = "Supporting Files";
			sourceTree = "<group>";
		};
/* End PBXGroup section */

/* Begin PBXNativeTarget section */
		58F3E8B318C7E19E009E2D0E /* radial */ = {
			isa = PBXNativeTarget;
			buildConfigurationList = 58F3E8E518C7E19F009E2D0E /* Build configuration list for PBXNativeTarget "radial" */;
			buildPhases = (
				58F3E8B018C7E19E009E2D0E /* Sources */,
				58F3E8B118C7E19E009E2D0E /* Frameworks */,
				58F3E8B218C7E19E009E2D0E /* Resources */,
			);
			buildRules = (
			);
			dependencies = (
			);
			name = radial;
			productName = radial;
			productReference = 58F3E8B418C7E19E009E2D0E /* radial.app */;
			productType = "com.apple.product-type.application";
		};
		58F3E8D418C7E19F009E2D0E /* radialTests */ = {
			isa = PBXNativeTarget;
			buildConfigurationList = 58F3E8E818C7E19F009E2D0E /* Build configuration list for PBXNativeTarget "radialTests" */;
			buildPhases = (
				58F3E8D118C7E19F009E2D0E /* Sources */,
				58F3E8D218C7E19F009E2D0E /* Frameworks */,
				58F3E8D318C7E19F009E2D0E /* Resources */,
			);
			buildRules = (
			);
			dependencies = (
				58F3E8DA18C7E19F009E2D0E /* PBXTargetDependency */,
			);
			name = radialTests;
			productName = radialTests;
			productReference = 58F3E8D518C7E19F009E2D0E /* radialTests.xctest */;
			productType = "com.apple.product-type.bundle.unit-test";
		};
/* End PBXNativeTarget section */

/* Begin PBXProject section */
		58F3E8AC18C7E19E009E2D0E /* Project object */ = {
			isa = PBXProject;
			attributes = {
				LastUpgradeCheck = 0500;
				ORGANIZATIONNAME = "Meantime, LLC.";
				TargetAttributes = {
					58F3E8D418C7E19F009E2D0E = {
						TestTargetID = 58F3E8B318C7E19E009E2D0E;
					};
				};
			};
			buildConfigurationList = 58F3E8AF18C7E19E009E2D0E /* Build configuration list for PBXProject "radial" */;
			compatibilityVersion = "Xcode 3.2";
			developmentRegion = English;
			hasScannedForEncodings = 0;
			knownRegions = (
				en,
				Base,
			);
			mainGroup = 58F3E8AB18C7E19E009E2D0E;
			productRefGroup = 58F3E8B518C7E19E009E2D0E /* Products */;
			projectDirPath = "";
			projectRoot = "";
			targets = (
				58F3E8B318C7E19E009E2D0E /* radial */,
				58F3E8D418C7E19F009E2D0E /* radialTests */,
			);
		};
/* End PBXProject section */

/* Begin PBXResourcesBuildPhase section */
		58F3E8B218C7E19E009E2D0E /* Resources */ = {
			isa = PBXResourcesBuildPhase;
			buildActionMask = 2147483647;
			files = (
				58F3E8C218C7E19E009E2D0E /* InfoPlist.strings in Resources */,
				58F3E8D018C7E19F009E2D0E /* Images.xcassets in Resources */,
				58F3E8C818C7E19E009E2D0E /* Credits.rtf in Resources */,
				58F3E8CE18C7E19F009E2D0E /* MainMenu.xib in Resources */,
			);
			runOnlyForDeploymentPostprocessing = 0;
		};
		58F3E8D318C7E19F009E2D0E /* Resources */ = {
			isa = PBXResourcesBuildPhase;
			buildActionMask = 2147483647;
			files = (
				58F3E8E018C7E19F009E2D0E /* InfoPlist.strings in Resources */,
			);
			runOnlyForDeploymentPostprocessing = 0;
		};
/* End PBXResourcesBuildPhase section */

/* Begin PBXSourcesBuildPhase section */
		58F3E8B018C7E19E009E2D0E /* Sources */ = {
			isa = PBXSourcesBuildPhase;
			buildActionMask = 2147483647;
			files = (
				58F3E8CB18C7E19E009E2D0E /* AppDelegate.m in Sources */,
				58F3E8C418C7E19E009E2D0E /* main.m in Sources */,
				58F3E8ED18C7E1F3009E2D0E /* ColorWheelView.m in Sources */,
			);
			runOnlyForDeploymentPostprocessing = 0;
		};
		58F3E8D118C7E19F009E2D0E /* Sources */ = {
			isa = PBXSourcesBuildPhase;
			buildActionMask = 2147483647;
			files = (
				58F3E8E218C7E19F009E2D0E /* radialTests.m in Sources */,
			);
			runOnlyForDeploymentPostprocessing = 0;
		};
/* End PBXSourcesBuildPhase section */

/* Begin PBXTargetDependency section */
		58F3E8DA18C7E19F009E2D0E /* PBXTargetDependency */ = {
			isa = PBXTargetDependency;
			target = 58F3E8B318C7E19E009E2D0E /* radial */;
			targetProxy = 58F3E8D918C7E19F009E2D0E /* PBXContainerItemProxy */;
		};
/* End PBXTargetDependency section */

/* Begin PBXVariantGroup section */
		58F3E8C018C7E19E009E2D0E /* InfoPlist.strings */ = {
			isa = PBXVariantGroup;
			children = (
				58F3E8C118C7E19E009E2D0E /* en */,
			);
			name = InfoPlist.strings;
			sourceTree = "<group>";
		};
		58F3E8C618C7E19E009E2D0E /* Credits.rtf */ = {
			isa = PBXVariantGroup;
			children = (
				58F3E8C718C7E19E009E2D0E /* en */,
			);
			name = Credits.rtf;
			sourceTree = "<group>";
		};
		58F3E8CC18C7E19F009E2D0E /* MainMenu.xib */ = {
			isa = PBXVariantGroup;
			children = (
				58F3E8CD18C7E19F009E2D0E /* Base */,
			);
			name = MainMenu.xib;
			sourceTree = "<group>";
		};
		58F3E8DE18C7E19F009E2D0E /* InfoPlist.strings */ = {
			isa = PBXVariantGroup;
			children = (
				58F3E8DF18C7E19F009E2D0E /* en */,
			);
			name = InfoPlist.strings;
			sourceTree = "<group>";
		};
/* End PBXVariantGroup section */

/* Begin XCBuildConfiguration section */
		58F3E8E318C7E19F009E2D0E /* Debug */ = {
			isa = XCBuildConfiguration;
			buildSettings = {
				ALWAYS_SEARCH_USER_PATHS = NO;
				CLANG_CXX_LANGUAGE_STANDARD = "gnu++0x";
				CLANG_CXX_LIBRARY = "libc++";
				CLANG_ENABLE_OBJC_ARC = YES;
				CLANG_WARN_BOOL_CONVERSION = YES;
				CLANG_WARN_CONSTANT_CONVERSION = YES;
				CLANG_WARN_DIRECT_OBJC_ISA_USAGE = YES_ERROR;
				CLANG_WARN_EMPTY_BODY = YES;
				CLANG_WARN_ENUM_CONVERSION = YES;
				CLANG_WARN_INT_CONVERSION = YES;
				CLANG_WARN_OBJC_ROOT_CLASS = YES_ERROR;
				CLANG_WARN__DUPLICATE_METHOD_MATCH = YES;
				COPY_PHASE_STRIP = NO;
				GCC_C_LANGUAGE_STANDARD = gnu99;
				GCC_DYNAMIC_NO_PIC = NO;
				GCC_ENABLE_OBJC_EXCEPTIONS = YES;
				GCC_OPTIMIZATION_LEVEL = 0;
				GCC_PREPROCESSOR_DEFINITIONS = (
					"DEBUG=1",
					"$(inherited)",
				);
				GCC_SYMBOLS_PRIVATE_EXTERN = NO;
				GCC_WARN_64_TO_32_BIT_CONVERSION = YES;
				GCC_WARN_ABOUT_RETURN_TYPE = YES_ERROR;
				GCC_WARN_UNDECLARED_SELECTOR = YES;
				GCC_WARN_UNINITIALIZED_AUTOS = YES;
				GCC_WARN_UNUSED_FUNCTION = YES;
				GCC_WARN_UNUSED_VARIABLE = YES;
				MACOSX_DEPLOYMENT_TARGET = 10.9;
				ONLY_ACTIVE_ARCH = YES;
				SDKROOT = macosx;
			};
			name = Debug;
		};
		58F3E8E418C7E19F009E2D0E /* Release */ = {
			isa = XCBuildConfiguration;
			buildSettings = {
				ALWAYS_SEARCH_USER_PATHS = NO;
				CLANG_CXX_LANGUAGE_STANDARD = "gnu++0x";
				CLANG_CXX_LIBRARY = "libc++";
				CLANG_ENABLE_OBJC_ARC = YES;
				CLANG_WARN_BOOL_CONVERSION = YES;
				CLANG_WARN_CONSTANT_CONVERSION = YES;
				CLANG_WARN_DIRECT_OBJC_ISA_USAGE = YES_ERROR;
				CLANG_WARN_EMPTY_BODY = YES;
				CLANG_WARN_ENUM_CONVERSION = YES;
				CLANG_WARN_INT_CONVERSION = YES;
				CLANG_WARN_OBJC_ROOT_CLASS = YES_ERROR;
				CLANG_WARN__DUPLICATE_METHOD_MATCH = YES;
				COPY_PHASE_STRIP = YES;
				DEBUG_INFORMATION_FORMAT = "dwarf-with-dsym";
				ENABLE_NS_ASSERTIONS = NO;
				GCC_C_LANGUAGE_STANDARD = gnu99;
				GCC_ENABLE_OBJC_EXCEPTIONS = YES;
				GCC_WARN_64_TO_32_BIT_CONVERSION = YES;
				GCC_WARN_ABOUT_RETURN_TYPE = YES_ERROR;
				GCC_WARN_UNDECLARED_SELECTOR = YES;
				GCC_WARN_UNINITIALIZED_AUTOS = YES;
				GCC_WARN_UNUSED_FUNCTION = YES;
				GCC_WARN_UNUSED_VARIABLE = YES;
				MACOSX_DEPLOYMENT_TARGET = 10.9;
				SDKROOT = macosx;
			};
			name = Release;
		};
		58F3E8E618C7E19F009E2D0E /* Debug */ = {
			isa = XCBuildConfiguration;
			buildSettings = {
				ASSETCATALOG_COMPILER_APPICON_NAME = AppIcon;
				COMBINE_HIDPI_IMAGES = YES;
				GCC_PRECOMPILE_PREFIX_HEADER = YES;
				GCC_PREFIX_HEADER = "radial/radial-Prefix.pch";
				INFOPLIST_FILE = "radial/radial-Info.plist";
				PRODUCT_NAME = "$(TARGET_NAME)";
				WRAPPER_EXTENSION = app;
			};
			name = Debug;
		};
		58F3E8E718C7E19F009E2D0E /* Release */ = {
			isa = XCBuildConfiguration;
			buildSettings = {
				ASSETCATALOG_COMPILER_APPICON_NAME = AppIcon;
				COMBINE_HIDPI_IMAGES = YES;
				GCC_PRECOMPILE_PREFIX_HEADER = YES;
				GCC_PREFIX_HEADER = "radial/radial-Prefix.pch";
				INFOPLIST_FILE = "radial/radial-Info.plist";
				PRODUCT_NAME = "$(TARGET_NAME)";
				WRAPPER_EXTENSION = app;
			};
			name = Release;
		};
		58F3E8E918C7E19F009E2D0E /* Debug */ = {
			isa = XCBuildConfiguration;
			buildSettings = {
				BUNDLE_LOADER = "$(BUILT_PRODUCTS_DIR)/radial.app/Contents/MacOS/radial";
				COMBINE_HIDPI_IMAGES = YES;
				FRAMEWORK_SEARCH_PATHS = (
					"$(DEVELOPER_FRAMEWORKS_DIR)",
					"$(inherited)",
				);
				GCC_PRECOMPILE_PREFIX_HEADER = YES;
				GCC_PREFIX_HEADER = "radial/radial-Prefix.pch";
				GCC_PREPROCESSOR_DEFINITIONS = (
					"DEBUG=1",
					"$(inherited)",
				);
				INFOPLIST_FILE = "radialTests/radialTests-Info.plist";
				PRODUCT_NAME = "$(TARGET_NAME)";
				TEST_HOST = "$(BUNDLE_LOADER)";
				WRAPPER_EXTENSION = xctest;
			};
			name = Debug;
		};
		58F3E8EA18C7E19F009E2D0E /* Release */ = {
			isa = XCBuildConfiguration;
			buildSettings = {
				BUNDLE_LOADER = "$(BUILT_PRODUCTS_DIR)/radial.app/Contents/MacOS/radial";
				COMBINE_HIDPI_IMAGES = YES;
				FRAMEWORK_SEARCH_PATHS = (
					"$(DEVELOPER_FRAMEWORKS_DIR)",
					"$(inherited)",
				);
				GCC_PRECOMPILE_PREFIX_HEADER = YES;
				GCC_PREFIX_HEADER = "radial/radial-Prefix.pch";
				INFOPLIST_FILE = "radialTests/radialTests-Info.plist";
				PRODUCT_NAME = "$(TARGET_NAME)";
				TEST_HOST = "$(BUNDLE_LOADER)";
				WRAPPER_EXTENSION = xctest;
			};
			name = Release;
		};
/* End XCBuildConfiguration section */

/* Begin XCConfigurationList section */
		58F3E8AF18C7E19E009E2D0E /* Build configuration list for PBXProject "radial" */ = {
			isa = XCConfigurationList;
			buildConfigurations = (
				58F3E8E318C7E19F009E2D0E /* Debug */,
				58F3E8E418C7E19F009E2D0E /* Release */,
			);
			defaultConfigurationIsVisible = 0;
			defaultConfigurationName = Release;
		};
		58F3E8E518C7E19F009E2D0E /* Build configuration list for PBXNativeTarget "radial" */ = {
			isa = XCConfigurationList;
			buildConfigurations = (
				58F3E8E618C7E19F009E2D0E /* Debug */,
				58F3E8E718C7E19F009E2D0E /* Release */,
			);
			defaultConfigurationIsVisible = 0;
			defaultConfigurationName = Release;
		};
		58F3E8E818C7E19F009E2D0E /* Build configuration list for PBXNativeTarget "radialTests" */ = {
			isa = XCConfigurationList;
			buildConfigurations = (
				58F3E8E918C7E19F009E2D0E /* Debug */,
				58F3E8EA18C7E19F009E2D0E /* Release */,
			);
			defaultConfigurationIsVisible = 0;
			defaultConfigurationName = Release;
		};
/* End XCConfigurationList section */
	};
	rootObject = 58F3E8AC18C7E19E009E2D0E /* Project object */;
}
